
Microsoft Visual Studio Solution File, Format Version 12.00
# Visual Studio 2013
VisualStudioVersion = 12.0.21005.1
MinimumVisualStudioVersion = 10.0.40219.1
Project("{FAE04EC0-301F-11D3-BF4B-00C04F79EFBC}") = "CharacterIODemo", "CharacterIODemo\CharacterIODemo.csproj", "{FA697EB3-B0BE-47F0-B19F-4076E3B62C6B}"
EndProject
Project("{FAE04EC0-301F-11D3-BF4B-00C04F79EFBC}") = "XMLSerializationDemo", "XMLSerializationDemo\XMLSerializationDemo.csproj", "{0C47325F-8FC8-4306-AA33-DADD5518008F}"
EndProject
Global
	GlobalSection(SolutionConfigurationPlatforms) = preSolution
		Debug|Any CPU = Debug|Any CPU
		Release|Any CPU = Release|Any CPU
	EndGlobalSection
	GlobalSection(ProjectConfigurationPlatforms) = postSolution
		{FA697EB3-B0BE-47F0-B19F-4076E3B62C6B}.Debug|Any CPU.ActiveCfg = Debug|Any CPU
		{FA697EB3-B0BE-47F0-B19F-4076E3B62C6B}.Debug|Any CPU.Build.0 = Debug|Any CPU
		{FA697EB3-B0BE-47F0-B19F-4076E3B62C6B}.Release|Any CPU.ActiveCfg = Release|Any CPU
		{FA697EB3-B0BE-47F0-B19F-4076E3B62C6B}.Release|Any CPU.Build.0 = Release|Any CPU
		{0C47325F-8FC8-4306-AA33-DADD5518008F}.Debug|Any CPU.ActiveCfg = Debug|Any CPU
		{0C47325F-8FC8-4306-AA33-DADD5518008F}.Debug|Any CPU.Build.0 = Debug|Any CPU
		{0C47325F-8FC8-4306-AA33-DADD5518008F}.Release|Any CPU.ActiveCfg = Release|Any CPU
		{0C47325F-8FC8-4306-AA33-DADD5518008F}.Release|Any CPU.Build.0 = Release|Any CPU
	EndGlobalSection
	GlobalSection(SolutionProperties) = preSolution
		HideSolutionNode = FALSE
	EndGlobalSection
EndGlobal
